
Microsoft Visual Studio Solution File, Format Version 12.00
# Visual Studio Version 17
VisualStudioVersion = 17.7.34018.315
MinimumVisualStudioVersion = 10.0.40219.1
Project("{FAE04EC0-301F-11D3-BF4B-00C04F79EFBC}") = "ProyectoEI", "ProyectoEI\ProyectoEI.csproj", "{FD18E846-4487-4D81-AA33-9ED2B898AFB8}"
EndProject
Global
	GlobalSection(SolutionConfigurationPlatforms) = preSolution
		Debug|Any CPU = Debug|Any CPU
		Release|Any CPU = Release|Any CPU
	EndGlobalSection
	GlobalSection(ProjectConfigurationPlatforms) = postSolution
		{FD18E846-4487-4D81-AA33-9ED2B898AFB8}.Debug|Any CPU.ActiveCfg = Debug|Any CPU
		{FD18E846-4487-4D81-AA33-9ED2B898AFB8}.Debug|Any CPU.Build.0 = Debug|Any CPU
		{FD18E846-4487-4D81-AA33-9ED2B898AFB8}.Release|Any CPU.ActiveCfg = Release|Any CPU
		{FD18E846-4487-4D81-AA33-9ED2B898AFB8}.Release|Any CPU.Build.0 = Release|Any CPU
	EndGlobalSection
	GlobalSection(SolutionProperties) = preSolution
		HideSolutionNode = FALSE
	EndGlobalSection
	GlobalSection(ExtensibilityGlobals) = postSolution
		SolutionGuid = {AEE44308-1FF2-4F18-8785-A1221947FD2A}
	EndGlobalSection
EndGlobal
